
Microsoft Visual Studio Solution File, Format Version 12.00
# Visual Studio Version 17
VisualStudioVersion = 17.11.35219.272
MinimumVisualStudioVersion = 10.0.40219.1
Project("{FAE04EC0-301F-11D3-BF4B-00C04F79EFBC}") = "WinFormsApp_TechShop", "WinFormsApp_TechShop\WinFormsApp_TechShop.csproj", "{0B747860-C86B-4BDC-ADB5-622B32D7B1FB}"
EndProject
Global
	GlobalSection(SolutionConfigurationPlatforms) = preSolution
		Debug|Any CPU = Debug|Any CPU
		Release|Any CPU = Release|Any CPU
	EndGlobalSection
	GlobalSection(ProjectConfigurationPlatforms) = postSolution
		{0B747860-C86B-4BDC-ADB5-622B32D7B1FB}.Debug|Any CPU.ActiveCfg = Debug|Any CPU
		{0B747860-C86B-4BDC-ADB5-622B32D7B1FB}.Debug|Any CPU.Build.0 = Debug|Any CPU
		{0B747860-C86B-4BDC-ADB5-622B32D7B1FB}.Release|Any CPU.ActiveCfg = Release|Any CPU
		{0B747860-C86B-4BDC-ADB5-622B32D7B1FB}.Release|Any CPU.Build.0 = Release|Any CPU
	EndGlobalSection
	GlobalSection(SolutionProperties) = preSolution
		HideSolutionNode = FALSE
	EndGlobalSection
	GlobalSection(ExtensibilityGlobals) = postSolution
		SolutionGuid = {21AF59F0-CAAD-4F12-A031-CEB5CE741BCD}
	EndGlobalSection
EndGlobal
